
Microsoft Visual Studio Solution File, Format Version 12.00
# Visual Studio 15
VisualStudioVersion = 15.0.28307.757
MinimumVisualStudioVersion = 10.0.40219.1
Project("{FAE04EC0-301F-11D3-BF4B-00C04F79EFBC}") = "TuringMachine", "TuringMachine\TuringMachine.csproj", "{33BD29B3-09D9-4289-B18B-7E521502B736}"
EndProject
Global
	GlobalSection(SolutionConfigurationPlatforms) = preSolution
		Debug|Any CPU = Debug|Any CPU
		Release|Any CPU = Release|Any CPU
	EndGlobalSection
	GlobalSection(ProjectConfigurationPlatforms) = postSolution
		{33BD29B3-09D9-4289-B18B-7E521502B736}.Debug|Any CPU.ActiveCfg = Debug|Any CPU
		{33BD29B3-09D9-4289-B18B-7E521502B736}.Debug|Any CPU.Build.0 = Debug|Any CPU
		{33BD29B3-09D9-4289-B18B-7E521502B736}.Release|Any CPU.ActiveCfg = Release|Any CPU
		{33BD29B3-09D9-4289-B18B-7E521502B736}.Release|Any CPU.Build.0 = Release|Any CPU
	EndGlobalSection
	GlobalSection(SolutionProperties) = preSolution
		HideSolutionNode = FALSE
	EndGlobalSection
	GlobalSection(ExtensibilityGlobals) = postSolution
		SolutionGuid = {B7033533-C5CE-4AC7-BFD2-EFC213D7EE31}
	EndGlobalSection
EndGlobal
